// !$*UTF8*$!
{
	archiveVersion = 1;
	classes = {
	};
	objectVersion = 46;
	objects = {

/* Begin PBXBuildFile section */
		0216133C159A8C83003A4270 /* Foundation.framework in Frameworks */ = {isa = PBXBuildFile; fileRef = 0216133B159A8C83003A4270 /* Foundation.framework */; };
		0216133F159A8C83003A4270 /* main.m in Sources */ = {isa = PBXBuildFile; fileRef = 0216133E159A8C83003A4270 /* main.m */; };
		02161343159A8C83003A4270 /* set_default_browser.1 in CopyFiles */ = {isa = PBXBuildFile; fileRef = 02161342159A8C83003A4270 /* set_default_browser.1 */; };
		0216134E159A94E9003A4270 /* CoreServices.framework in Frameworks */ = {isa = PBXBuildFile; fileRef = 0216134D159A94E9003A4270 /* CoreServices.framework */; };
/* End PBXBuildFile section */

/* Begin PBXCopyFilesBuildPhase section */
		02161335159A8C83003A4270 /* CopyFiles */ = {
			isa = PBXCopyFilesBuildPhase;
			buildActionMask = 2147483647;
			dstPath = /usr/share/man/man1/;
			dstSubfolderSpec = 0;
			files = (
				02161343159A8C83003A4270 /* set_default_browser.1 in CopyFiles */,
			);
			runOnlyForDeploymentPostprocessing = 1;
		};
/* End PBXCopyFilesBuildPhase section */

/* Begin PBXFileReference section */
		02161337159A8C83003A4270 /* set-default-browser */ = {isa = PBXFileReference; explicitFileType = "compiled.mach-o.executable"; includeInIndex = 0; path = "set-default-browser"; sourceTree = BUILT_PRODUCTS_DIR; };
		0216133B159A8C83003A4270 /* Foundation.framework */ = {isa = PBXFileReference; lastKnownFileType = wrapper.framework; name = Foundation.framework; path = System/Library/Frameworks/Foundation.framework; sourceTree = SDKROOT; };
		0216133E159A8C83003A4270 /* main.m */ = {isa = PBXFileReference; lastKnownFileType = sourcecode.c.objc; path = main.m; sourceTree = "<group>"; };
		02161341159A8C83003A4270 /* set-default-browser-Prefix.pch */ = {isa = PBXFileReference; lastKnownFileType = sourcecode.c.h; path = "set-default-browser-Prefix.pch"; sourceTree = "<group>"; };
		02161342159A8C83003A4270 /* set_default_browser.1 */ = {isa = PBXFileReference; lastKnownFileType = text.man; path = set_default_browser.1; sourceTree = "<group>"; };
		0216134D159A94E9003A4270 /* CoreServices.framework */ = {isa = PBXFileReference; lastKnownFileType = wrapper.framework; name = CoreServices.framework; path = System/Library/Frameworks/CoreServices.framework; sourceTree = SDKROOT; };
/* End PBXFileReference section */

/* Begin PBXFrameworksBuildPhase section */
		02161334159A8C83003A4270 /* Frameworks */ = {
			isa = PBXFrameworksBuildPhase;
			buildActionMask = 2147483647;
			files = (
				0216134E159A94E9003A4270 /* CoreServices.framework in Frameworks */,
				0216133C159A8C83003A4270 /* Foundation.framework in Frameworks */,
			);
			runOnlyForDeploymentPostprocessing = 0;
		};
/* End PBXFrameworksBuildPhase section */

/* Begin PBXGroup section */
		0216132C159A8C83003A4270 = {
			isa = PBXGroup;
			children = (
				0216133D159A8C83003A4270 /* set-default-browser */,
				0216133A159A8C83003A4270 /* Frameworks */,
				02161338159A8C83003A4270 /* Products */,
			);
			sourceTree = "<group>";
		};
		02161338159A8C83003A4270 /* Products */ = {
			isa = PBXGroup;
			children = (
				02161337159A8C83003A4270 /* set-default-browser */,
			);
			name = Products;
			sourceTree = "<group>";
		};
		0216133A159A8C83003A4270 /* Frameworks */ = {
			isa = PBXGroup;
			children = (
				0216134D159A94E9003A4270 /* CoreServices.framework */,
				0216133B159A8C83003A4270 /* Foundation.framework */,
			);
			name = Frameworks;
			sourceTree = "<group>";
		};
		0216133D159A8C83003A4270 /* set-default-browser */ = {
			isa = PBXGroup;
			children = (
				0216133E159A8C83003A4270 /* main.m */,
				02161342159A8C83003A4270 /* set_default_browser.1 */,
				02161340159A8C83003A4270 /* Supporting Files */,
			);
			path = "set-default-browser";
			sourceTree = "<group>";
		};
		02161340159A8C83003A4270 /* Supporting Files */ = {
			isa = PBXGroup;
			children = (
				02161341159A8C83003A4270 /* set-default-browser-Prefix.pch */,
			);
			name = "Supporting Files";
			sourceTree = "<group>";
		};
/* End PBXGroup section */

/* Begin PBXNativeTarget section */
		02161336159A8C83003A4270 /* set-default-browser */ = {
			isa = PBXNativeTarget;
			buildConfigurationList = 02161346159A8C83003A4270 /* Build configuration list for PBXNativeTarget "set-default-browser" */;
			buildPhases = (
				02161333159A8C83003A4270 /* Sources */,
				02161334159A8C83003A4270 /* Frameworks */,
				02161335159A8C83003A4270 /* CopyFiles */,
			);
			buildRules = (
			);
			dependencies = (
			);
			name = "set-default-browser";
			productName = "set-default-browser";
			productReference = 02161337159A8C83003A4270 /* set-default-browser */;
			productType = "com.apple.product-type.tool";
		};
/* End PBXNativeTarget section */

/* Begin PBXProject section */
		0216132E159A8C83003A4270 /* Project object */ = {
			isa = PBXProject;
			attributes = {
				LastUpgradeCheck = 0420;
				ORGANIZATIONNAME = None;
			};
			buildConfigurationList = 02161331159A8C83003A4270 /* Build configuration list for PBXProject "set-default-browser" */;
			compatibilityVersion = "Xcode 3.2";
			developmentRegion = English;
			hasScannedForEncodings = 0;
			knownRegions = (
				en,
			);
			mainGroup = 0216132C159A8C83003A4270;
			productRefGroup = 02161338159A8C83003A4270 /* Products */;
			projectDirPath = "";
			projectRoot = "";
			targets = (
				02161336159A8C83003A4270 /* set-default-browser */,
			);
		};
/* End PBXProject section */

/* Begin PBXSourcesBuildPhase section */
		02161333159A8C83003A4270 /* Sources */ = {
			isa = PBXSourcesBuildPhase;
			buildActionMask = 2147483647;
			files = (
				0216133F159A8C83003A4270 /* main.m in Sources */,
			);
			runOnlyForDeploymentPostprocessing = 0;
		};
/* End PBXSourcesBuildPhase section */

/* Begin XCBuildConfiguration section */
		02161344159A8C83003A4270 /* Debug */ = {
			isa = XCBuildConfiguration;
			buildSettings = {
				ALWAYS_SEARCH_USER_PATHS = NO;
				ARCHS = "$(ARCHS_STANDARD_64_BIT)";
				CLANG_ENABLE_OBJC_ARC = YES;
				COPY_PHASE_STRIP = NO;
				GCC_C_LANGUAGE_STANDARD = gnu99;
				GCC_DYNAMIC_NO_PIC = NO;
				GCC_ENABLE_OBJC_EXCEPTIONS = YES;
				GCC_OPTIMIZATION_LEVEL = 0;
				GCC_PREPROCESSOR_DEFINITIONS = (
					"DEBUG=1",
					"$(inherited)",
				);
				GCC_SYMBOLS_PRIVATE_EXTERN = NO;
				GCC_VERSION = com.apple.compilers.llvm.clang.1_0;
				GCC_WARN_64_TO_32_BIT_CONVERSION = YES;
				GCC_WARN_ABOUT_MISSING_PROTOTYPES = YES;
				GCC_WARN_ABOUT_RETURN_TYPE = YES;
				GCC_WARN_UNUSED_VARIABLE = YES;
				MACOSX_DEPLOYMENT_TARGET = 10.7;
				ONLY_ACTIVE_ARCH = YES;
				SDKROOT = macosx;
			};
			name = Debug;
		};
		02161345159A8C83003A4270 /* Release */ = {
			isa = XCBuildConfiguration;
			buildSettings = {
				ALWAYS_SEARCH_USER_PATHS = NO;
				ARCHS = "$(ARCHS_STANDARD_64_BIT)";
				CLANG_ENABLE_OBJC_ARC = YES;
				COPY_PHASE_STRIP = YES;
				DEBUG_INFORMATION_FORMAT = "dwarf-with-dsym";
				GCC_C_LANGUAGE_STANDARD = gnu99;
				GCC_ENABLE_OBJC_EXCEPTIONS = YES;
				GCC_VERSION = com.apple.compilers.llvm.clang.1_0;
				GCC_WARN_64_TO_32_BIT_CONVERSION = YES;
				GCC_WARN_ABOUT_MISSING_PROTOTYPES = YES;
				GCC_WARN_ABOUT_RETURN_TYPE = YES;
				GCC_WARN_UNUSED_VARIABLE = YES;
				MACOSX_DEPLOYMENT_TARGET = 10.7;
				SDKROOT = macosx;
			};
			name = Release;
		};
		02161347159A8C83003A4270 /* Debug */ = {
			isa = XCBuildConfiguration;
			buildSettings = {
				FRAMEWORK_SEARCH_PATHS = (
					"$(inherited)",
					"\"$(SDKROOT)$(SYSTEM_LIBRARY_DIR)/Frameworks/CoreServices.framework/Frameworks\"",
				);
				GCC_PRECOMPILE_PREFIX_HEADER = YES;
				GCC_PREFIX_HEADER = "set-default-browser/set-default-browser-Prefix.pch";
				PRODUCT_NAME = "$(TARGET_NAME)";
			};
			name = Debug;
		};
		02161348159A8C83003A4270 /* Release */ = {
			isa = XCBuildConfiguration;
			buildSettings = {
				FRAMEWORK_SEARCH_PATHS = (
					"$(inherited)",
					"\"$(SDKROOT)$(SYSTEM_LIBRARY_DIR)/Frameworks/CoreServices.framework/Frameworks\"",
				);
				GCC_PRECOMPILE_PREFIX_HEADER = YES;
				GCC_PREFIX_HEADER = "set-default-browser/set-default-browser-Prefix.pch";
				PRODUCT_NAME = "$(TARGET_NAME)";
			};
			name = Release;
		};
/* End XCBuildConfiguration section */

/* Begin XCConfigurationList section */
		02161331159A8C83003A4270 /* Build configuration list for PBXProject "set-default-browser" */ = {
			isa = XCConfigurationList;
			buildConfigurations = (
				02161344159A8C83003A4270 /* Debug */,
				02161345159A8C83003A4270 /* Release */,
			);
			defaultConfigurationIsVisible = 0;
			defaultConfigurationName = Release;
		};
		02161346159A8C83003A4270 /* Build configuration list for PBXNativeTarget "set-default-browser" */ = {
			isa = XCConfigurationList;
			buildConfigurations = (
				02161347159A8C83003A4270 /* Debug */,
				02161348159A8C83003A4270 /* Release */,
			);
			defaultConfigurationIsVisible = 0;
		};
/* End XCConfigurationList section */
	};
	rootObject = 0216132E159A8C83003A4270 /* Project object */;
}
